// !$*UTF8*$!
{
	archiveVersion = 1;
	classes = {
	};
	objectVersion = 55;
	objects = {

/* Begin PBXBuildFile section */
		BB02BCBA27B69B5B00BB9849 /* EditProjectView.swift in Sources */ = {isa = PBXBuildFile; fileRef = BB02BCB927B69B5B00BB9849 /* EditProjectView.swift */; };
		BB81778127BEA0A100CAE66C /* Localizable.strings in Resources */ = {isa = PBXBuildFile; fileRef = BB81778327BEA0A100CAE66C /* Localizable.strings */; };
		BB81778527BEA7A800CAE66C /* Localizable.stringsdict in Resources */ = {isa = PBXBuildFile; fileRef = BB81778727BEA7A800CAE66C /* Localizable.stringsdict */; };
		BB81778927BEA90300CAE66C /* Awards.json in Resources */ = {isa = PBXBuildFile; fileRef = BB81778B27BEA90300CAE66C /* Awards.json */; };
		BB9A5B7E27BA71F600300543 /* Sequence+Extensions.swift in Sources */ = {isa = PBXBuildFile; fileRef = BB9A5B7D27BA71F600300543 /* Sequence+Extensions.swift */; };
		BB9A5BAB27BD576500300543 /* SelectSomethingView.swift in Sources */ = {isa = PBXBuildFile; fileRef = BB9A5BAA27BD576500300543 /* SelectSomethingView.swift */; };
		BB9A5BAD27BD5A5E00300543 /* Bundle+Extensions.swift in Sources */ = {isa = PBXBuildFile; fileRef = BB9A5BAC27BD5A5E00300543 /* Bundle+Extensions.swift */; };
		BB9A5BB127BD608C00300543 /* Award.swift in Sources */ = {isa = PBXBuildFile; fileRef = BB9A5BB027BD608C00300543 /* Award.swift */; };
		BB9A5BB327BD61D300300543 /* AwardsView.swift in Sources */ = {isa = PBXBuildFile; fileRef = BB9A5BB227BD61D300300543 /* AwardsView.swift */; };
		BB9A5BB527BD6C6B00300543 /* Color+Extensions.swift in Sources */ = {isa = PBXBuildFile; fileRef = BB9A5BB427BD6C6B00300543 /* Color+Extensions.swift */; };
		BBDC4BA927A1ADEE007ABB78 /* UltimatePortfolioApp.swift in Sources */ = {isa = PBXBuildFile; fileRef = BBDC4BA827A1ADEE007ABB78 /* UltimatePortfolioApp.swift */; };
		BBDC4BAB27A1ADEE007ABB78 /* ContentView.swift in Sources */ = {isa = PBXBuildFile; fileRef = BBDC4BAA27A1ADEE007ABB78 /* ContentView.swift */; };
		BBDC4BAD27A1ADEE007ABB78 /* Assets.xcassets in Resources */ = {isa = PBXBuildFile; fileRef = BBDC4BAC27A1ADEE007ABB78 /* Assets.xcassets */; };
		BBDC4BB027A1ADEE007ABB78 /* Preview Assets.xcassets in Resources */ = {isa = PBXBuildFile; fileRef = BBDC4BAF27A1ADEE007ABB78 /* Preview Assets.xcassets */; };
		BBDC4BB827A1AE68007ABB78 /* Main.xcdatamodeld in Sources */ = {isa = PBXBuildFile; fileRef = BBDC4BB627A1AE68007ABB78 /* Main.xcdatamodeld */; };
		BBDC4BBA27A1B000007ABB78 /* DataController.swift in Sources */ = {isa = PBXBuildFile; fileRef = BBDC4BB927A1B000007ABB78 /* DataController.swift */; };
		BBEB2E5E27B51C8000F26A2C /* Project+Extensions.swift in Sources */ = {isa = PBXBuildFile; fileRef = BBEB2E5D27B51C7F00F26A2C /* Project+Extensions.swift */; };
		BBEB2E6027B52B1000F26A2C /* EditItemView.swift in Sources */ = {isa = PBXBuildFile; fileRef = BBEB2E5F27B52B1000F26A2C /* EditItemView.swift */; };
		BBEB2E6427B530E500F26A2C /* ItemRowView.swift in Sources */ = {isa = PBXBuildFile; fileRef = BBEB2E6327B530E500F26A2C /* ItemRowView.swift */; };
		BBEB2E6727B5324400F26A2C /* Binding+Extensions.swift in Sources */ = {isa = PBXBuildFile; fileRef = BBEB2E6627B5324400F26A2C /* Binding+Extensions.swift */; };
		BBEB2E6927B5358600F26A2C /* Colors.xcassets in Resources */ = {isa = PBXBuildFile; fileRef = BBEB2E6827B5358600F26A2C /* Colors.xcassets */; };
		BBEB2E6B27B535AE00F26A2C /* ProjectHeaderView.swift in Sources */ = {isa = PBXBuildFile; fileRef = BBEB2E6A27B535AE00F26A2C /* ProjectHeaderView.swift */; };
		BBEB2E6D27B536C000F26A2C /* SystemImages.swift in Sources */ = {isa = PBXBuildFile; fileRef = BBEB2E6C27B536C000F26A2C /* SystemImages.swift */; };
		BBF915D227B51A0700BDCE70 /* Item+Extensions.swift in Sources */ = {isa = PBXBuildFile; fileRef = BBF915D127B51A0700BDCE70 /* Item+Extensions.swift */; };
		BBF9A06227B29837007F0FF4 /* CloudKit.framework in Frameworks */ = {isa = PBXBuildFile; fileRef = BBF9A06127B29837007F0FF4 /* CloudKit.framework */; };
		BBF9A06427B29A45007F0FF4 /* HomeView.swift in Sources */ = {isa = PBXBuildFile; fileRef = BBF9A06327B29A45007F0FF4 /* HomeView.swift */; };
		BBF9A06627B29AC8007F0FF4 /* ProjectsView.swift in Sources */ = {isa = PBXBuildFile; fileRef = BBF9A06527B29AC8007F0FF4 /* ProjectsView.swift */; };
		BBF9A06827B2D2D2007F0FF4 /* README.md in Resources */ = {isa = PBXBuildFile; fileRef = BBF9A06727B2D2D2007F0FF4 /* README.md */; };
/* End PBXBuildFile section */

/* Begin PBXFileReference section */
		BB02BCB927B69B5B00BB9849 /* EditProjectView.swift */ = {isa = PBXFileReference; lastKnownFileType = sourcecode.swift; path = EditProjectView.swift; sourceTree = "<group>"; };
		BB81778227BEA0A100CAE66C /* en */ = {isa = PBXFileReference; lastKnownFileType = text.plist.strings; name = en; path = en.lproj/Localizable.strings; sourceTree = "<group>"; };
		BB81778427BEA0AC00CAE66C /* es */ = {isa = PBXFileReference; lastKnownFileType = text.plist.strings; name = es; path = es.lproj/Localizable.strings; sourceTree = "<group>"; };
		BB81778627BEA7A800CAE66C /* en */ = {isa = PBXFileReference; lastKnownFileType = text.plist.stringsdict; name = en; path = en.lproj/Localizable.stringsdict; sourceTree = "<group>"; };
		BB81778827BEA7AB00CAE66C /* es */ = {isa = PBXFileReference; lastKnownFileType = text.plist.stringsdict; name = es; path = es.lproj/Localizable.stringsdict; sourceTree = "<group>"; };
		BB81778A27BEA90300CAE66C /* en */ = {isa = PBXFileReference; lastKnownFileType = text.json; name = en; path = en.lproj/Awards.json; sourceTree = "<group>"; };
		BB81778C27BEA90900CAE66C /* es */ = {isa = PBXFileReference; lastKnownFileType = text.json; name = es; path = es.lproj/Awards.json; sourceTree = "<group>"; };
		BB9A5B7D27BA71F600300543 /* Sequence+Extensions.swift */ = {isa = PBXFileReference; lastKnownFileType = sourcecode.swift; path = "Sequence+Extensions.swift"; sourceTree = "<group>"; };
		BB9A5BAA27BD576500300543 /* SelectSomethingView.swift */ = {isa = PBXFileReference; lastKnownFileType = sourcecode.swift; path = SelectSomethingView.swift; sourceTree = "<group>"; };
		BB9A5BAC27BD5A5E00300543 /* Bundle+Extensions.swift */ = {isa = PBXFileReference; lastKnownFileType = sourcecode.swift; path = "Bundle+Extensions.swift"; sourceTree = "<group>"; };
		BB9A5BB027BD608C00300543 /* Award.swift */ = {isa = PBXFileReference; lastKnownFileType = sourcecode.swift; path = Award.swift; sourceTree = "<group>"; };
		BB9A5BB227BD61D300300543 /* AwardsView.swift */ = {isa = PBXFileReference; lastKnownFileType = sourcecode.swift; path = AwardsView.swift; sourceTree = "<group>"; };
		BB9A5BB427BD6C6B00300543 /* Color+Extensions.swift */ = {isa = PBXFileReference; lastKnownFileType = sourcecode.swift; path = "Color+Extensions.swift"; sourceTree = "<group>"; };
		BBDC4BA527A1ADEE007ABB78 /* UltimatePortfolio.app */ = {isa = PBXFileReference; explicitFileType = wrapper.application; includeInIndex = 0; path = UltimatePortfolio.app; sourceTree = BUILT_PRODUCTS_DIR; };
		BBDC4BA827A1ADEE007ABB78 /* UltimatePortfolioApp.swift */ = {isa = PBXFileReference; lastKnownFileType = sourcecode.swift; path = UltimatePortfolioApp.swift; sourceTree = "<group>"; };
		BBDC4BAA27A1ADEE007ABB78 /* ContentView.swift */ = {isa = PBXFileReference; lastKnownFileType = sourcecode.swift; path = ContentView.swift; sourceTree = "<group>"; };
		BBDC4BAC27A1ADEE007ABB78 /* Assets.xcassets */ = {isa = PBXFileReference; lastKnownFileType = folder.assetcatalog; path = Assets.xcassets; sourceTree = "<group>"; };
		BBDC4BAF27A1ADEE007ABB78 /* Preview Assets.xcassets */ = {isa = PBXFileReference; lastKnownFileType = folder.assetcatalog; path = "Preview Assets.xcassets"; sourceTree = "<group>"; };
		BBDC4BB727A1AE68007ABB78 /* Main.xcdatamodel */ = {isa = PBXFileReference; lastKnownFileType = wrapper.xcdatamodel; path = Main.xcdatamodel; sourceTree = "<group>"; };
		BBDC4BB927A1B000007ABB78 /* DataController.swift */ = {isa = PBXFileReference; lastKnownFileType = sourcecode.swift; path = DataController.swift; sourceTree = "<group>"; };
		BBEB2E5D27B51C7F00F26A2C /* Project+Extensions.swift */ = {isa = PBXFileReference; lastKnownFileType = sourcecode.swift; path = "Project+Extensions.swift"; sourceTree = "<group>"; };
		BBEB2E5F27B52B1000F26A2C /* EditItemView.swift */ = {isa = PBXFileReference; lastKnownFileType = sourcecode.swift; path = EditItemView.swift; sourceTree = "<group>"; };
		BBEB2E6327B530E500F26A2C /* ItemRowView.swift */ = {isa = PBXFileReference; lastKnownFileType = sourcecode.swift; path = ItemRowView.swift; sourceTree = "<group>"; };
		BBEB2E6627B5324400F26A2C /* Binding+Extensions.swift */ = {isa = PBXFileReference; lastKnownFileType = sourcecode.swift; path = "Binding+Extensions.swift"; sourceTree = "<group>"; };
		BBEB2E6827B5358600F26A2C /* Colors.xcassets */ = {isa = PBXFileReference; lastKnownFileType = folder.assetcatalog; path = Colors.xcassets; sourceTree = "<group>"; };
		BBEB2E6A27B535AE00F26A2C /* ProjectHeaderView.swift */ = {isa = PBXFileReference; lastKnownFileType = sourcecode.swift; path = ProjectHeaderView.swift; sourceTree = "<group>"; };
		BBEB2E6C27B536C000F26A2C /* SystemImages.swift */ = {isa = PBXFileReference; lastKnownFileType = sourcecode.swift; path = SystemImages.swift; sourceTree = "<group>"; };
		BBF915D127B51A0700BDCE70 /* Item+Extensions.swift */ = {isa = PBXFileReference; lastKnownFileType = sourcecode.swift; path = "Item+Extensions.swift"; sourceTree = "<group>"; };
		BBF9A05E27B29819007F0FF4 /* UltimatePortfolio.entitlements */ = {isa = PBXFileReference; lastKnownFileType = text.plist.entitlements; path = UltimatePortfolio.entitlements; sourceTree = "<group>"; };
		BBF9A05F27B2981E007F0FF4 /* Info.plist */ = {isa = PBXFileReference; lastKnownFileType = text.plist.xml; path = Info.plist; sourceTree = "<group>"; };
		BBF9A06127B29837007F0FF4 /* CloudKit.framework */ = {isa = PBXFileReference; lastKnownFileType = wrapper.framework; name = CloudKit.framework; path = System/Library/Frameworks/CloudKit.framework; sourceTree = SDKROOT; };
		BBF9A06327B29A45007F0FF4 /* HomeView.swift */ = {isa = PBXFileReference; lastKnownFileType = sourcecode.swift; path = HomeView.swift; sourceTree = "<group>"; };
		BBF9A06527B29AC8007F0FF4 /* ProjectsView.swift */ = {isa = PBXFileReference; lastKnownFileType = sourcecode.swift; path = ProjectsView.swift; sourceTree = "<group>"; };
		BBF9A06727B2D2D2007F0FF4 /* README.md */ = {isa = PBXFileReference; fileEncoding = 4; lastKnownFileType = net.daringfireball.markdown; path = README.md; sourceTree = "<group>"; };
/* End PBXFileReference section */

/* Begin PBXFrameworksBuildPhase section */
		BBDC4BA227A1ADEE007ABB78 /* Frameworks */ = {
			isa = PBXFrameworksBuildPhase;
			buildActionMask = 2147483647;
			files = (
				BBF9A06227B29837007F0FF4 /* CloudKit.framework in Frameworks */,
			);
			runOnlyForDeploymentPostprocessing = 0;
		};
/* End PBXFrameworksBuildPhase section */

/* Begin PBXGroup section */
		BBDC4B9C27A1ADEE007ABB78 = {
			isa = PBXGroup;
			children = (
				BBF9A06727B2D2D2007F0FF4 /* README.md */,
				BBDC4BA727A1ADEE007ABB78 /* UltimatePortfolio */,
				BBDC4BA627A1ADEE007ABB78 /* Products */,
				BBF9A06027B29837007F0FF4 /* Frameworks */,
			);
			sourceTree = "<group>";
		};
		BBDC4BA627A1ADEE007ABB78 /* Products */ = {
			isa = PBXGroup;
			children = (
				BBDC4BA527A1ADEE007ABB78 /* UltimatePortfolio.app */,
			);
			name = Products;
			sourceTree = "<group>";
		};
		BBDC4BA727A1ADEE007ABB78 /* UltimatePortfolio */ = {
			isa = PBXGroup;
			children = (
				BBDC4BA827A1ADEE007ABB78 /* UltimatePortfolioApp.swift */,
				BBF9A05E27B29819007F0FF4 /* UltimatePortfolio.entitlements */,
				BBF9A05F27B2981E007F0FF4 /* Info.plist */,
				BBF915CF27B519B800BDCE70 /* Models */,
				BBF915CD27B5199200BDCE70 /* Views */,
				BBEB2E6527B5322B00F26A2C /* Extensions and Helpers */,
				BBF915D027B519BF00BDCE70 /* Resources */,
				BBDC4BAE27A1ADEE007ABB78 /* Preview Content */,
			);
			path = UltimatePortfolio;
			sourceTree = "<group>";
		};
		BBDC4BAE27A1ADEE007ABB78 /* Preview Content */ = {
			isa = PBXGroup;
			children = (
				BBDC4BAF27A1ADEE007ABB78 /* Preview Assets.xcassets */,
			);
			path = "Preview Content";
			sourceTree = "<group>";
		};
		BBEB2E6527B5322B00F26A2C /* Extensions and Helpers */ = {
			isa = PBXGroup;
			children = (
				BBEB2E6C27B536C000F26A2C /* SystemImages.swift */,
				BB9A5BAC27BD5A5E00300543 /* Bundle+Extensions.swift */,
				BBEB2E6627B5324400F26A2C /* Binding+Extensions.swift */,
				BB9A5BB427BD6C6B00300543 /* Color+Extensions.swift */,
				BB9A5B7D27BA71F600300543 /* Sequence+Extensions.swift */,
			);
			path = "Extensions and Helpers";
			sourceTree = "<group>";
		};
		BBF915CD27B5199200BDCE70 /* Views */ = {
			isa = PBXGroup;
			children = (
				BBDC4BAA27A1ADEE007ABB78 /* ContentView.swift */,
				BBF9A06327B29A45007F0FF4 /* HomeView.swift */,
				BBF9A06527B29AC8007F0FF4 /* ProjectsView.swift */,
				BB9A5BAA27BD576500300543 /* SelectSomethingView.swift */,
				BBEB2E6A27B535AE00F26A2C /* ProjectHeaderView.swift */,
				BB02BCB927B69B5B00BB9849 /* EditProjectView.swift */,
				BBEB2E6327B530E500F26A2C /* ItemRowView.swift */,
				BBEB2E5F27B52B1000F26A2C /* EditItemView.swift */,
				BB9A5BB227BD61D300300543 /* AwardsView.swift */,
			);
			path = Views;
			sourceTree = "<group>";
		};
		BBF915CF27B519B800BDCE70 /* Models */ = {
			isa = PBXGroup;
			children = (
				BBDC4BB627A1AE68007ABB78 /* Main.xcdatamodeld */,
				BBDC4BB927A1B000007ABB78 /* DataController.swift */,
				BBF915D127B51A0700BDCE70 /* Item+Extensions.swift */,
				BBEB2E5D27B51C7F00F26A2C /* Project+Extensions.swift */,
				BB9A5BB027BD608C00300543 /* Award.swift */,
			);
			path = Models;
			sourceTree = "<group>";
		};
		BBF915D027B519BF00BDCE70 /* Resources */ = {
			isa = PBXGroup;
			children = (
				BBDC4BAC27A1ADEE007ABB78 /* Assets.xcassets */,
				BBEB2E6827B5358600F26A2C /* Colors.xcassets */,
				BB81778B27BEA90300CAE66C /* Awards.json */,
				BB81778327BEA0A100CAE66C /* Localizable.strings */,
				BB81778727BEA7A800CAE66C /* Localizable.stringsdict */,
			);
			path = Resources;
			sourceTree = "<group>";
		};
		BBF9A06027B29837007F0FF4 /* Frameworks */ = {
			isa = PBXGroup;
			children = (
				BBF9A06127B29837007F0FF4 /* CloudKit.framework */,
			);
			name = Frameworks;
			sourceTree = "<group>";
		};
/* End PBXGroup section */

/* Begin PBXNativeTarget section */
		BBDC4BA427A1ADEE007ABB78 /* UltimatePortfolio */ = {
			isa = PBXNativeTarget;
			buildConfigurationList = BBDC4BB327A1ADEE007ABB78 /* Build configuration list for PBXNativeTarget "UltimatePortfolio" */;
			buildPhases = (
				BBDC4BA127A1ADEE007ABB78 /* Sources */,
				BBDC4BA227A1ADEE007ABB78 /* Frameworks */,
				BBDC4BA327A1ADEE007ABB78 /* Resources */,
			);
			buildRules = (
			);
			dependencies = (
			);
			name = UltimatePortfolio;
			productName = UltimatePortfolio;
			productReference = BBDC4BA527A1ADEE007ABB78 /* UltimatePortfolio.app */;
			productType = "com.apple.product-type.application";
		};
/* End PBXNativeTarget section */

/* Begin PBXProject section */
		BBDC4B9D27A1ADEE007ABB78 /* Project object */ = {
			isa = PBXProject;
			attributes = {
				BuildIndependentTargetsInParallel = 1;
				LastSwiftUpdateCheck = 1320;
				LastUpgradeCheck = 1320;
				TargetAttributes = {
					BBDC4BA427A1ADEE007ABB78 = {
						CreatedOnToolsVersion = 13.2.1;
					};
				};
			};
			buildConfigurationList = BBDC4BA027A1ADEE007ABB78 /* Build configuration list for PBXProject "UltimatePortfolio" */;
			compatibilityVersion = "Xcode 13.0";
			developmentRegion = en;
			hasScannedForEncodings = 0;
			knownRegions = (
				en,
				Base,
				es,
			);
			mainGroup = BBDC4B9C27A1ADEE007ABB78;
			productRefGroup = BBDC4BA627A1ADEE007ABB78 /* Products */;
			projectDirPath = "";
			projectRoot = "";
			targets = (
				BBDC4BA427A1ADEE007ABB78 /* UltimatePortfolio */,
			);
		};
/* End PBXProject section */

/* Begin PBXResourcesBuildPhase section */
		BBDC4BA327A1ADEE007ABB78 /* Resources */ = {
			isa = PBXResourcesBuildPhase;
			buildActionMask = 2147483647;
			files = (
				BBF9A06827B2D2D2007F0FF4 /* README.md in Resources */,
				BB81778127BEA0A100CAE66C /* Localizable.strings in Resources */,
				BB81778927BEA90300CAE66C /* Awards.json in Resources */,
				BBEB2E6927B5358600F26A2C /* Colors.xcassets in Resources */,
				BBDC4BB027A1ADEE007ABB78 /* Preview Assets.xcassets in Resources */,
				BBDC4BAD27A1ADEE007ABB78 /* Assets.xcassets in Resources */,
				BB81778527BEA7A800CAE66C /* Localizable.stringsdict in Resources */,
			);
			runOnlyForDeploymentPostprocessing = 0;
		};
/* End PBXResourcesBuildPhase section */

/* Begin PBXSourcesBuildPhase section */
		BBDC4BA127A1ADEE007ABB78 /* Sources */ = {
			isa = PBXSourcesBuildPhase;
			buildActionMask = 2147483647;
			files = (
				BB02BCBA27B69B5B00BB9849 /* EditProjectView.swift in Sources */,
				BB9A5BB127BD608C00300543 /* Award.swift in Sources */,
				BBF9A06627B29AC8007F0FF4 /* ProjectsView.swift in Sources */,
				BBEB2E6B27B535AE00F26A2C /* ProjectHeaderView.swift in Sources */,
				BB9A5BAD27BD5A5E00300543 /* Bundle+Extensions.swift in Sources */,
				BB9A5BB327BD61D300300543 /* AwardsView.swift in Sources */,
				BBDC4BB827A1AE68007ABB78 /* Main.xcdatamodeld in Sources */,
				BBDC4BBA27A1B000007ABB78 /* DataController.swift in Sources */,
				BBDC4BAB27A1ADEE007ABB78 /* ContentView.swift in Sources */,
				BBEB2E6427B530E500F26A2C /* ItemRowView.swift in Sources */,
				BBF9A06427B29A45007F0FF4 /* HomeView.swift in Sources */,
				BBEB2E5E27B51C8000F26A2C /* Project+Extensions.swift in Sources */,
				BBEB2E6D27B536C000F26A2C /* SystemImages.swift in Sources */,
				BBDC4BA927A1ADEE007ABB78 /* UltimatePortfolioApp.swift in Sources */,
				BBF915D227B51A0700BDCE70 /* Item+Extensions.swift in Sources */,
				BB9A5BB527BD6C6B00300543 /* Color+Extensions.swift in Sources */,
				BB9A5B7E27BA71F600300543 /* Sequence+Extensions.swift in Sources */,
				BB9A5BAB27BD576500300543 /* SelectSomethingView.swift in Sources */,
				BBEB2E6027B52B1000F26A2C /* EditItemView.swift in Sources */,
				BBEB2E6727B5324400F26A2C /* Binding+Extensions.swift in Sources */,
			);
			runOnlyForDeploymentPostprocessing = 0;
		};
/* End PBXSourcesBuildPhase section */

/* Begin PBXVariantGroup section */
		BB81778327BEA0A100CAE66C /* Localizable.strings */ = {
			isa = PBXVariantGroup;
			children = (
				BB81778227BEA0A100CAE66C /* en */,
				BB81778427BEA0AC00CAE66C /* es */,
			);
			name = Localizable.strings;
			sourceTree = "<group>";
		};
		BB81778727BEA7A800CAE66C /* Localizable.stringsdict */ = {
			isa = PBXVariantGroup;
			children = (
				BB81778627BEA7A800CAE66C /* en */,
				BB81778827BEA7AB00CAE66C /* es */,
			);
			name = Localizable.stringsdict;
			sourceTree = "<group>";
		};
		BB81778B27BEA90300CAE66C /* Awards.json */ = {
			isa = PBXVariantGroup;
			children = (
				BB81778A27BEA90300CAE66C /* en */,
				BB81778C27BEA90900CAE66C /* es */,
			);
			name = Awards.json;
			sourceTree = "<group>";
		};
/* End PBXVariantGroup section */

/* Begin XCBuildConfiguration section */
		BBDC4BB127A1ADEE007ABB78 /* Debug */ = {
			isa = XCBuildConfiguration;
			buildSettings = {
				ALWAYS_SEARCH_USER_PATHS = NO;
				CLANG_ANALYZER_NONNULL = YES;
				CLANG_ANALYZER_NUMBER_OBJECT_CONVERSION = YES_AGGRESSIVE;
				CLANG_CXX_LANGUAGE_STANDARD = "gnu++17";
				CLANG_CXX_LIBRARY = "libc++";
				CLANG_ENABLE_MODULES = YES;
				CLANG_ENABLE_OBJC_ARC = YES;
				CLANG_ENABLE_OBJC_WEAK = YES;
				CLANG_WARN_BLOCK_CAPTURE_AUTORELEASING = YES;
				CLANG_WARN_BOOL_CONVERSION = YES;
				CLANG_WARN_COMMA = YES;
				CLANG_WARN_CONSTANT_CONVERSION = YES;
				CLANG_WARN_DEPRECATED_OBJC_IMPLEMENTATIONS = YES;
				CLANG_WARN_DIRECT_OBJC_ISA_USAGE = YES_ERROR;
				CLANG_WARN_DOCUMENTATION_COMMENTS = YES;
				CLANG_WARN_EMPTY_BODY = YES;
				CLANG_WARN_ENUM_CONVERSION = YES;
				CLANG_WARN_INFINITE_RECURSION = YES;
				CLANG_WARN_INT_CONVERSION = YES;
				CLANG_WARN_NON_LITERAL_NULL_CONVERSION = YES;
				CLANG_WARN_OBJC_IMPLICIT_RETAIN_SELF = YES;
				CLANG_WARN_OBJC_LITERAL_CONVERSION = YES;
				CLANG_WARN_OBJC_ROOT_CLASS = YES_ERROR;
				CLANG_WARN_QUOTED_INCLUDE_IN_FRAMEWORK_HEADER = YES;
				CLANG_WARN_RANGE_LOOP_ANALYSIS = YES;
				CLANG_WARN_STRICT_PROTOTYPES = YES;
				CLANG_WARN_SUSPICIOUS_MOVE = YES;
				CLANG_WARN_UNGUARDED_AVAILABILITY = YES_AGGRESSIVE;
				CLANG_WARN_UNREACHABLE_CODE = YES;
				CLANG_WARN__DUPLICATE_METHOD_MATCH = YES;
				COPY_PHASE_STRIP = NO;
				DEBUG_INFORMATION_FORMAT = dwarf;
				ENABLE_STRICT_OBJC_MSGSEND = YES;
				ENABLE_TESTABILITY = YES;
				GCC_C_LANGUAGE_STANDARD = gnu11;
				GCC_DYNAMIC_NO_PIC = NO;
				GCC_NO_COMMON_BLOCKS = YES;
				GCC_OPTIMIZATION_LEVEL = 0;
				GCC_PREPROCESSOR_DEFINITIONS = (
					"DEBUG=1",
					"$(inherited)",
				);
				GCC_WARN_64_TO_32_BIT_CONVERSION = YES;
				GCC_WARN_ABOUT_RETURN_TYPE = YES_ERROR;
				GCC_WARN_UNDECLARED_SELECTOR = YES;
				GCC_WARN_UNINITIALIZED_AUTOS = YES_AGGRESSIVE;
				GCC_WARN_UNUSED_FUNCTION = YES;
				GCC_WARN_UNUSED_VARIABLE = YES;
				IPHONEOS_DEPLOYMENT_TARGET = 15.2;
				MTL_ENABLE_DEBUG_INFO = INCLUDE_SOURCE;
				MTL_FAST_MATH = YES;
				ONLY_ACTIVE_ARCH = YES;
				SDKROOT = iphoneos;
				SWIFT_ACTIVE_COMPILATION_CONDITIONS = DEBUG;
				SWIFT_OPTIMIZATION_LEVEL = "-Onone";
			};
			name = Debug;
		};
		BBDC4BB227A1ADEE007ABB78 /* Release */ = {
			isa = XCBuildConfiguration;
			buildSettings = {
				ALWAYS_SEARCH_USER_PATHS = NO;
				CLANG_ANALYZER_NONNULL = YES;
				CLANG_ANALYZER_NUMBER_OBJECT_CONVERSION = YES_AGGRESSIVE;
				CLANG_CXX_LANGUAGE_STANDARD = "gnu++17";
				CLANG_CXX_LIBRARY = "libc++";
				CLANG_ENABLE_MODULES = YES;
				CLANG_ENABLE_OBJC_ARC = YES;
				CLANG_ENABLE_OBJC_WEAK = YES;
				CLANG_WARN_BLOCK_CAPTURE_AUTORELEASING = YES;
				CLANG_WARN_BOOL_CONVERSION = YES;
				CLANG_WARN_COMMA = YES;
				CLANG_WARN_CONSTANT_CONVERSION = YES;
				CLANG_WARN_DEPRECATED_OBJC_IMPLEMENTATIONS = YES;
				CLANG_WARN_DIRECT_OBJC_ISA_USAGE = YES_ERROR;
				CLANG_WARN_DOCUMENTATION_COMMENTS = YES;
				CLANG_WARN_EMPTY_BODY = YES;
				CLANG_WARN_ENUM_CONVERSION = YES;
				CLANG_WARN_INFINITE_RECURSION = YES;
				CLANG_WARN_INT_CONVERSION = YES;
				CLANG_WARN_NON_LITERAL_NULL_CONVERSION = YES;
				CLANG_WARN_OBJC_IMPLICIT_RETAIN_SELF = YES;
				CLANG_WARN_OBJC_LITERAL_CONVERSION = YES;
				CLANG_WARN_OBJC_ROOT_CLASS = YES_ERROR;
				CLANG_WARN_QUOTED_INCLUDE_IN_FRAMEWORK_HEADER = YES;
				CLANG_WARN_RANGE_LOOP_ANALYSIS = YES;
				CLANG_WARN_STRICT_PROTOTYPES = YES;
				CLANG_WARN_SUSPICIOUS_MOVE = YES;
				CLANG_WARN_UNGUARDED_AVAILABILITY = YES_AGGRESSIVE;
				CLANG_WARN_UNREACHABLE_CODE = YES;
				CLANG_WARN__DUPLICATE_METHOD_MATCH = YES;
				COPY_PHASE_STRIP = NO;
				DEBUG_INFORMATION_FORMAT = "dwarf-with-dsym";
				ENABLE_NS_ASSERTIONS = NO;
				ENABLE_STRICT_OBJC_MSGSEND = YES;
				GCC_C_LANGUAGE_STANDARD = gnu11;
				GCC_NO_COMMON_BLOCKS = YES;
				GCC_WARN_64_TO_32_BIT_CONVERSION = YES;
				GCC_WARN_ABOUT_RETURN_TYPE = YES_ERROR;
				GCC_WARN_UNDECLARED_SELECTOR = YES;
				GCC_WARN_UNINITIALIZED_AUTOS = YES_AGGRESSIVE;
				GCC_WARN_UNUSED_FUNCTION = YES;
				GCC_WARN_UNUSED_VARIABLE = YES;
				IPHONEOS_DEPLOYMENT_TARGET = 15.2;
				MTL_ENABLE_DEBUG_INFO = NO;
				MTL_FAST_MATH = YES;
				SDKROOT = iphoneos;
				SWIFT_COMPILATION_MODE = wholemodule;
				SWIFT_OPTIMIZATION_LEVEL = "-O";
				VALIDATE_PRODUCT = YES;
			};
			name = Release;
		};
		BBDC4BB427A1ADEE007ABB78 /* Debug */ = {
			isa = XCBuildConfiguration;
			buildSettings = {
				ASSETCATALOG_COMPILER_APPICON_NAME = AppIcon;
				ASSETCATALOG_COMPILER_GLOBAL_ACCENT_COLOR_NAME = AccentColor;
				CODE_SIGN_ENTITLEMENTS = UltimatePortfolio/UltimatePortfolio.entitlements;
				CODE_SIGN_IDENTITY = "Apple Development";
				CODE_SIGN_STYLE = Automatic;
				CURRENT_PROJECT_VERSION = 1;
				DEVELOPMENT_ASSET_PATHS = "\"UltimatePortfolio/Preview Content\"";
				DEVELOPMENT_TEAM = Y3F5JHY7V5;
				ENABLE_PREVIEWS = YES;
				GENERATE_INFOPLIST_FILE = YES;
				INFOPLIST_FILE = UltimatePortfolio/Info.plist;
				INFOPLIST_KEY_UIApplicationSceneManifest_Generation = YES;
				INFOPLIST_KEY_UIApplicationSupportsIndirectInputEvents = YES;
				INFOPLIST_KEY_UILaunchScreen_Generation = YES;
				INFOPLIST_KEY_UISupportedInterfaceOrientations_iPad = "UIInterfaceOrientationPortrait UIInterfaceOrientationPortraitUpsideDown UIInterfaceOrientationLandscapeLeft UIInterfaceOrientationLandscapeRight";
				INFOPLIST_KEY_UISupportedInterfaceOrientations_iPhone = "UIInterfaceOrientationPortrait UIInterfaceOrientationLandscapeLeft UIInterfaceOrientationLandscapeRight";
				LD_RUNPATH_SEARCH_PATHS = (
					"$(inherited)",
					"@executable_path/Frameworks",
				);
				MARKETING_VERSION = 1.0;
				PRODUCT_BUNDLE_IDENTIFIER = com.christophereadie.UltimatePortfolio;
				PRODUCT_NAME = "$(TARGET_NAME)";
				PROVISIONING_PROFILE_SPECIFIER = "";
				SWIFT_EMIT_LOC_STRINGS = YES;
				SWIFT_VERSION = 5.0;
				TARGETED_DEVICE_FAMILY = "1,2";
			};
			name = Debug;
		};
		BBDC4BB527A1ADEE007ABB78 /* Release */ = {
			isa = XCBuildConfiguration;
			buildSettings = {
				ASSETCATALOG_COMPILER_APPICON_NAME = AppIcon;
				ASSETCATALOG_COMPILER_GLOBAL_ACCENT_COLOR_NAME = AccentColor;
				CODE_SIGN_ENTITLEMENTS = UltimatePortfolio/UltimatePortfolio.entitlements;
				CODE_SIGN_IDENTITY = "Apple Development";
				CODE_SIGN_STYLE = Automatic;
				CURRENT_PROJECT_VERSION = 1;
				DEVELOPMENT_ASSET_PATHS = "\"UltimatePortfolio/Preview Content\"";
				DEVELOPMENT_TEAM = Y3F5JHY7V5;
				ENABLE_PREVIEWS = YES;
				GENERATE_INFOPLIST_FILE = YES;
				INFOPLIST_FILE = UltimatePortfolio/Info.plist;
				INFOPLIST_KEY_UIApplicationSceneManifest_Generation = YES;
				INFOPLIST_KEY_UIApplicationSupportsIndirectInputEvents = YES;
				INFOPLIST_KEY_UILaunchScreen_Generation = YES;
				INFOPLIST_KEY_UISupportedInterfaceOrientations_iPad = "UIInterfaceOrientationPortrait UIInterfaceOrientationPortraitUpsideDown UIInterfaceOrientationLandscapeLeft UIInterfaceOrientationLandscapeRight";
				INFOPLIST_KEY_UISupportedInterfaceOrientations_iPhone = "UIInterfaceOrientationPortrait UIInterfaceOrientationLandscapeLeft UIInterfaceOrientationLandscapeRight";
				LD_RUNPATH_SEARCH_PATHS = (
					"$(inherited)",
					"@executable_path/Frameworks",
				);
				MARKETING_VERSION = 1.0;
				PRODUCT_BUNDLE_IDENTIFIER = com.christophereadie.UltimatePortfolio;
				PRODUCT_NAME = "$(TARGET_NAME)";
				PROVISIONING_PROFILE_SPECIFIER = "";
				SWIFT_EMIT_LOC_STRINGS = YES;
				SWIFT_VERSION = 5.0;
				TARGETED_DEVICE_FAMILY = "1,2";
			};
			name = Release;
		};
/* End XCBuildConfiguration section */

/* Begin XCConfigurationList section */
		BBDC4BA027A1ADEE007ABB78 /* Build configuration list for PBXProject "UltimatePortfolio" */ = {
			isa = XCConfigurationList;
			buildConfigurations = (
				BBDC4BB127A1ADEE007ABB78 /* Debug */,
				BBDC4BB227A1ADEE007ABB78 /* Release */,
			);
			defaultConfigurationIsVisible = 0;
			defaultConfigurationName = Release;
		};
		BBDC4BB327A1ADEE007ABB78 /* Build configuration list for PBXNativeTarget "UltimatePortfolio" */ = {
			isa = XCConfigurationList;
			buildConfigurations = (
				BBDC4BB427A1ADEE007ABB78 /* Debug */,
				BBDC4BB527A1ADEE007ABB78 /* Release */,
			);
			defaultConfigurationIsVisible = 0;
			defaultConfigurationName = Release;
		};
/* End XCConfigurationList section */

/* Begin XCVersionGroup section */
		BBDC4BB627A1AE68007ABB78 /* Main.xcdatamodeld */ = {
			isa = XCVersionGroup;
			children = (
				BBDC4BB727A1AE68007ABB78 /* Main.xcdatamodel */,
			);
			currentVersion = BBDC4BB727A1AE68007ABB78 /* Main.xcdatamodel */;
			path = Main.xcdatamodeld;
			sourceTree = "<group>";
			versionGroupType = wrapper.xcdatamodel;
		};
/* End XCVersionGroup section */
	};
	rootObject = BBDC4B9D27A1ADEE007ABB78 /* Project object */;
}
